
Microsoft Visual Studio Solution File, Format Version 12.00
# Visual Studio Version 17
VisualStudioVersion = 17.10.35122.118
MinimumVisualStudioVersion = 10.0.40219.1
Project("{FAE04EC0-301F-11D3-BF4B-00C04F79EFBC}") = "C-Sharp-Records", "C-Sharp-Records\C-Sharp-Records.csproj", "{47109377-409E-4CD7-B55E-A77893510BDE}"
EndProject
Global
	GlobalSection(SolutionConfigurationPlatforms) = preSolution
		Debug|Any CPU = Debug|Any CPU
		Release|Any CPU = Release|Any CPU
	EndGlobalSection
	GlobalSection(ProjectConfigurationPlatforms) = postSolution
		{47109377-409E-4CD7-B55E-A77893510BDE}.Debug|Any CPU.ActiveCfg = Debug|Any CPU
		{47109377-409E-4CD7-B55E-A77893510BDE}.Debug|Any CPU.Build.0 = Debug|Any CPU
		{47109377-409E-4CD7-B55E-A77893510BDE}.Release|Any CPU.ActiveCfg = Release|Any CPU
		{47109377-409E-4CD7-B55E-A77893510BDE}.Release|Any CPU.Build.0 = Release|Any CPU
	EndGlobalSection
	GlobalSection(SolutionProperties) = preSolution
		HideSolutionNode = FALSE
	EndGlobalSection
	GlobalSection(ExtensibilityGlobals) = postSolution
		SolutionGuid = {16328550-33B2-44FC-8315-16D738B6D1D8}
	EndGlobalSection
EndGlobal
